
Microsoft Visual Studio Solution File, Format Version 12.00
# Visual Studio 15
VisualStudioVersion = 15.0.28307.136
MinimumVisualStudioVersion = 10.0.40219.1
Project("{FAE04EC0-301F-11D3-BF4B-00C04F79EFBC}") = "AdventOfCode2018.Tests", "AdventOfCode2018.Tests\AdventOfCode2018.Tests.csproj", "{5E487EBD-B964-4EFF-8EAF-0E38762DC02A}"
EndProject
Global
	GlobalSection(SolutionConfigurationPlatforms) = preSolution
		Debug|Any CPU = Debug|Any CPU
		Release|Any CPU = Release|Any CPU
	EndGlobalSection
	GlobalSection(ProjectConfigurationPlatforms) = postSolution
		{5E487EBD-B964-4EFF-8EAF-0E38762DC02A}.Debug|Any CPU.ActiveCfg = Debug|Any CPU
		{5E487EBD-B964-4EFF-8EAF-0E38762DC02A}.Debug|Any CPU.Build.0 = Debug|Any CPU
		{5E487EBD-B964-4EFF-8EAF-0E38762DC02A}.Release|Any CPU.ActiveCfg = Release|Any CPU
		{5E487EBD-B964-4EFF-8EAF-0E38762DC02A}.Release|Any CPU.Build.0 = Release|Any CPU
	EndGlobalSection
	GlobalSection(SolutionProperties) = preSolution
		HideSolutionNode = FALSE
	EndGlobalSection
	GlobalSection(ExtensibilityGlobals) = postSolution
		SolutionGuid = {CDB17DA4-1E95-4049-9BD2-36D983C19691}
	EndGlobalSection
EndGlobal
